// !$*UTF8*$!
{
	archiveVersion = 1;
	classes = {
	};
	objectVersion = 46;
	objects = {

/* Begin PBXBuildFile section */
		C306FF6914D0E39600979EA6 /* UIKit.framework in Frameworks */ = {isa = PBXBuildFile; fileRef = C306FF6814D0E39600979EA6 /* UIKit.framework */; };
		C306FF6B14D0E39600979EA6 /* Foundation.framework in Frameworks */ = {isa = PBXBuildFile; fileRef = C306FF6A14D0E39600979EA6 /* Foundation.framework */; };
		C306FF6D14D0E39600979EA6 /* CoreGraphics.framework in Frameworks */ = {isa = PBXBuildFile; fileRef = C306FF6C14D0E39600979EA6 /* CoreGraphics.framework */; };
		C306FF7314D0E39600979EA6 /* InfoPlist.strings in Resources */ = {isa = PBXBuildFile; fileRef = C306FF7114D0E39600979EA6 /* InfoPlist.strings */; };
		C306FF7514D0E39600979EA6 /* main.m in Sources */ = {isa = PBXBuildFile; fileRef = C306FF7414D0E39600979EA6 /* main.m */; };
		C306FF7914D0E39600979EA6 /* MSUAppDelegate.m in Sources */ = {isa = PBXBuildFile; fileRef = C306FF7814D0E39600979EA6 /* MSUAppDelegate.m */; };
		C306FF7C14D0E39600979EA6 /* MainStoryboard.storyboard in Resources */ = {isa = PBXBuildFile; fileRef = C306FF7A14D0E39600979EA6 /* MainStoryboard.storyboard */; };
		C306FF7F14D0E39600979EA6 /* MSUViewController.m in Sources */ = {isa = PBXBuildFile; fileRef = C306FF7E14D0E39600979EA6 /* MSUViewController.m */; };
		C306FF8714D0E46600979EA6 /* MSUOrangeView.m in Sources */ = {isa = PBXBuildFile; fileRef = C306FF8614D0E46600979EA6 /* MSUOrangeView.m */; };
		C306FF8A14D0EA0F00979EA6 /* MSUBlueView.m in Sources */ = {isa = PBXBuildFile; fileRef = C306FF8914D0EA0F00979EA6 /* MSUBlueView.m */; };
		C306FF8D14D0F2D700979EA6 /* MSUCyanView.m in Sources */ = {isa = PBXBuildFile; fileRef = C306FF8C14D0F2D700979EA6 /* MSUCyanView.m */; };
/* End PBXBuildFile section */

/* Begin PBXFileReference section */
		C306FF6414D0E39600979EA6 /* MSUdemo1.app */ = {isa = PBXFileReference; explicitFileType = wrapper.application; includeInIndex = 0; path = MSUdemo1.app; sourceTree = BUILT_PRODUCTS_DIR; };
		C306FF6814D0E39600979EA6 /* UIKit.framework */ = {isa = PBXFileReference; lastKnownFileType = wrapper.framework; name = UIKit.framework; path = System/Library/Frameworks/UIKit.framework; sourceTree = SDKROOT; };
		C306FF6A14D0E39600979EA6 /* Foundation.framework */ = {isa = PBXFileReference; lastKnownFileType = wrapper.framework; name = Foundation.framework; path = System/Library/Frameworks/Foundation.framework; sourceTree = SDKROOT; };
		C306FF6C14D0E39600979EA6 /* CoreGraphics.framework */ = {isa = PBXFileReference; lastKnownFileType = wrapper.framework; name = CoreGraphics.framework; path = System/Library/Frameworks/CoreGraphics.framework; sourceTree = SDKROOT; };
		C306FF7014D0E39600979EA6 /* MSUdemo1-Info.plist */ = {isa = PBXFileReference; lastKnownFileType = text.plist.xml; path = "MSUdemo1-Info.plist"; sourceTree = "<group>"; };
		C306FF7214D0E39600979EA6 /* en */ = {isa = PBXFileReference; lastKnownFileType = text.plist.strings; name = en; path = en.lproj/InfoPlist.strings; sourceTree = "<group>"; };
		C306FF7414D0E39600979EA6 /* main.m */ = {isa = PBXFileReference; lastKnownFileType = sourcecode.c.objc; path = main.m; sourceTree = "<group>"; };
		C306FF7614D0E39600979EA6 /* MSUdemo1-Prefix.pch */ = {isa = PBXFileReference; lastKnownFileType = sourcecode.c.h; path = "MSUdemo1-Prefix.pch"; sourceTree = "<group>"; };
		C306FF7714D0E39600979EA6 /* MSUAppDelegate.h */ = {isa = PBXFileReference; lastKnownFileType = sourcecode.c.h; path = MSUAppDelegate.h; sourceTree = "<group>"; };
		C306FF7814D0E39600979EA6 /* MSUAppDelegate.m */ = {isa = PBXFileReference; lastKnownFileType = sourcecode.c.objc; path = MSUAppDelegate.m; sourceTree = "<group>"; };
		C306FF7B14D0E39600979EA6 /* en */ = {isa = PBXFileReference; lastKnownFileType = file.storyboard; name = en; path = en.lproj/MainStoryboard.storyboard; sourceTree = "<group>"; };
		C306FF7D14D0E39600979EA6 /* MSUViewController.h */ = {isa = PBXFileReference; lastKnownFileType = sourcecode.c.h; path = MSUViewController.h; sourceTree = "<group>"; };
		C306FF7E14D0E39600979EA6 /* MSUViewController.m */ = {isa = PBXFileReference; lastKnownFileType = sourcecode.c.objc; path = MSUViewController.m; sourceTree = "<group>"; };
		C306FF8514D0E46600979EA6 /* MSUOrangeView.h */ = {isa = PBXFileReference; fileEncoding = 4; lastKnownFileType = sourcecode.c.h; path = MSUOrangeView.h; sourceTree = "<group>"; };
		C306FF8614D0E46600979EA6 /* MSUOrangeView.m */ = {isa = PBXFileReference; fileEncoding = 4; lastKnownFileType = sourcecode.c.objc; path = MSUOrangeView.m; sourceTree = "<group>"; };
		C306FF8814D0EA0F00979EA6 /* MSUBlueView.h */ = {isa = PBXFileReference; fileEncoding = 4; lastKnownFileType = sourcecode.c.h; path = MSUBlueView.h; sourceTree = "<group>"; };
		C306FF8914D0EA0F00979EA6 /* MSUBlueView.m */ = {isa = PBXFileReference; fileEncoding = 4; lastKnownFileType = sourcecode.c.objc; path = MSUBlueView.m; sourceTree = "<group>"; };
		C306FF8B14D0F2D700979EA6 /* MSUCyanView.h */ = {isa = PBXFileReference; fileEncoding = 4; lastKnownFileType = sourcecode.c.h; path = MSUCyanView.h; sourceTree = "<group>"; };
		C306FF8C14D0F2D700979EA6 /* MSUCyanView.m */ = {isa = PBXFileReference; fileEncoding = 4; lastKnownFileType = sourcecode.c.objc; path = MSUCyanView.m; sourceTree = "<group>"; };
/* End PBXFileReference section */

/* Begin PBXFrameworksBuildPhase section */
		C306FF6114D0E39600979EA6 /* Frameworks */ = {
			isa = PBXFrameworksBuildPhase;
			buildActionMask = 2147483647;
			files = (
				C306FF6914D0E39600979EA6 /* UIKit.framework in Frameworks */,
				C306FF6B14D0E39600979EA6 /* Foundation.framework in Frameworks */,
				C306FF6D14D0E39600979EA6 /* CoreGraphics.framework in Frameworks */,
			);
			runOnlyForDeploymentPostprocessing = 0;
		};
/* End PBXFrameworksBuildPhase section */

/* Begin PBXGroup section */
		C306FF5914D0E39600979EA6 = {
			isa = PBXGroup;
			children = (
				C306FF6E14D0E39600979EA6 /* MSUdemo1 */,
				C306FF6714D0E39600979EA6 /* Frameworks */,
				C306FF6514D0E39600979EA6 /* Products */,
			);
			sourceTree = "<group>";
		};
		C306FF6514D0E39600979EA6 /* Products */ = {
			isa = PBXGroup;
			children = (
				C306FF6414D0E39600979EA6 /* MSUdemo1.app */,
			);
			name = Products;
			sourceTree = "<group>";
		};
		C306FF6714D0E39600979EA6 /* Frameworks */ = {
			isa = PBXGroup;
			children = (
				C306FF6814D0E39600979EA6 /* UIKit.framework */,
				C306FF6A14D0E39600979EA6 /* Foundation.framework */,
				C306FF6C14D0E39600979EA6 /* CoreGraphics.framework */,
			);
			name = Frameworks;
			sourceTree = "<group>";
		};
		C306FF6E14D0E39600979EA6 /* MSUdemo1 */ = {
			isa = PBXGroup;
			children = (
				C306FF7714D0E39600979EA6 /* MSUAppDelegate.h */,
				C306FF7814D0E39600979EA6 /* MSUAppDelegate.m */,
				C306FF7A14D0E39600979EA6 /* MainStoryboard.storyboard */,
				C306FF7D14D0E39600979EA6 /* MSUViewController.h */,
				C306FF7E14D0E39600979EA6 /* MSUViewController.m */,
				C306FF8514D0E46600979EA6 /* MSUOrangeView.h */,
				C306FF8614D0E46600979EA6 /* MSUOrangeView.m */,
				C306FF8814D0EA0F00979EA6 /* MSUBlueView.h */,
				C306FF8914D0EA0F00979EA6 /* MSUBlueView.m */,
				C306FF8B14D0F2D700979EA6 /* MSUCyanView.h */,
				C306FF8C14D0F2D700979EA6 /* MSUCyanView.m */,
				C306FF6F14D0E39600979EA6 /* Supporting Files */,
			);
			path = MSUdemo1;
			sourceTree = "<group>";
		};
		C306FF6F14D0E39600979EA6 /* Supporting Files */ = {
			isa = PBXGroup;
			children = (
				C306FF7014D0E39600979EA6 /* MSUdemo1-Info.plist */,
				C306FF7114D0E39600979EA6 /* InfoPlist.strings */,
				C306FF7414D0E39600979EA6 /* main.m */,
				C306FF7614D0E39600979EA6 /* MSUdemo1-Prefix.pch */,
			);
			name = "Supporting Files";
			sourceTree = "<group>";
		};
/* End PBXGroup section */

/* Begin PBXNativeTarget section */
		C306FF6314D0E39600979EA6 /* MSUdemo1 */ = {
			isa = PBXNativeTarget;
			buildConfigurationList = C306FF8214D0E39600979EA6 /* Build configuration list for PBXNativeTarget "MSUdemo1" */;
			buildPhases = (
				C306FF6014D0E39600979EA6 /* Sources */,
				C306FF6114D0E39600979EA6 /* Frameworks */,
				C306FF6214D0E39600979EA6 /* Resources */,
			);
			buildRules = (
			);
			dependencies = (
			);
			name = MSUdemo1;
			productName = MSUdemo1;
			productReference = C306FF6414D0E39600979EA6 /* MSUdemo1.app */;
			productType = "com.apple.product-type.application";
		};
/* End PBXNativeTarget section */

/* Begin PBXProject section */
		C306FF5B14D0E39600979EA6 /* Project object */ = {
			isa = PBXProject;
			attributes = {
				LastUpgradeCheck = 0420;
			};
			buildConfigurationList = C306FF5E14D0E39600979EA6 /* Build configuration list for PBXProject "MSUdemo1" */;
			compatibilityVersion = "Xcode 3.2";
			developmentRegion = English;
			hasScannedForEncodings = 0;
			knownRegions = (
				en,
			);
			mainGroup = C306FF5914D0E39600979EA6;
			productRefGroup = C306FF6514D0E39600979EA6 /* Products */;
			projectDirPath = "";
			projectRoot = "";
			targets = (
				C306FF6314D0E39600979EA6 /* MSUdemo1 */,
			);
		};
/* End PBXProject section */

/* Begin PBXResourcesBuildPhase section */
		C306FF6214D0E39600979EA6 /* Resources */ = {
			isa = PBXResourcesBuildPhase;
			buildActionMask = 2147483647;
			files = (
				C306FF7314D0E39600979EA6 /* InfoPlist.strings in Resources */,
				C306FF7C14D0E39600979EA6 /* MainStoryboard.storyboard in Resources */,
			);
			runOnlyForDeploymentPostprocessing = 0;
		};
/* End PBXResourcesBuildPhase section */

/* Begin PBXSourcesBuildPhase section */
		C306FF6014D0E39600979EA6 /* Sources */ = {
			isa = PBXSourcesBuildPhase;
			buildActionMask = 2147483647;
			files = (
				C306FF7514D0E39600979EA6 /* main.m in Sources */,
				C306FF7914D0E39600979EA6 /* MSUAppDelegate.m in Sources */,
				C306FF7F14D0E39600979EA6 /* MSUViewController.m in Sources */,
				C306FF8714D0E46600979EA6 /* MSUOrangeView.m in Sources */,
				C306FF8A14D0EA0F00979EA6 /* MSUBlueView.m in Sources */,
				C306FF8D14D0F2D700979EA6 /* MSUCyanView.m in Sources */,
			);
			runOnlyForDeploymentPostprocessing = 0;
		};
/* End PBXSourcesBuildPhase section */

/* Begin PBXVariantGroup section */
		C306FF7114D0E39600979EA6 /* InfoPlist.strings */ = {
			isa = PBXVariantGroup;
			children = (
				C306FF7214D0E39600979EA6 /* en */,
			);
			name = InfoPlist.strings;
			sourceTree = "<group>";
		};
		C306FF7A14D0E39600979EA6 /* MainStoryboard.storyboard */ = {
			isa = PBXVariantGroup;
			children = (
				C306FF7B14D0E39600979EA6 /* en */,
			);
			name = MainStoryboard.storyboard;
			sourceTree = "<group>";
		};
/* End PBXVariantGroup section */

/* Begin XCBuildConfiguration section */
		C306FF8014D0E39600979EA6 /* Debug */ = {
			isa = XCBuildConfiguration;
			buildSettings = {
				ALWAYS_SEARCH_USER_PATHS = NO;
				ARCHS = "$(ARCHS_STANDARD_32_BIT)";
				CLANG_ENABLE_OBJC_ARC = YES;
				"CODE_SIGN_IDENTITY[sdk=iphoneos*]" = "iPhone Developer";
				COPY_PHASE_STRIP = NO;
				GCC_C_LANGUAGE_STANDARD = gnu99;
				GCC_DYNAMIC_NO_PIC = NO;
				GCC_OPTIMIZATION_LEVEL = 0;
				GCC_PREPROCESSOR_DEFINITIONS = (
					"DEBUG=1",
					"$(inherited)",
				);
				GCC_SYMBOLS_PRIVATE_EXTERN = NO;
				GCC_VERSION = com.apple.compilers.llvm.clang.1_0;
				GCC_WARN_ABOUT_MISSING_PROTOTYPES = YES;
				GCC_WARN_ABOUT_RETURN_TYPE = YES;
				GCC_WARN_UNUSED_VARIABLE = YES;
				IPHONEOS_DEPLOYMENT_TARGET = 5.0;
				SDKROOT = iphoneos;
			};
			name = Debug;
		};
		C306FF8114D0E39600979EA6 /* Release */ = {
			isa = XCBuildConfiguration;
			buildSettings = {
				ALWAYS_SEARCH_USER_PATHS = NO;
				ARCHS = "$(ARCHS_STANDARD_32_BIT)";
				CLANG_ENABLE_OBJC_ARC = YES;
				"CODE_SIGN_IDENTITY[sdk=iphoneos*]" = "iPhone Developer";
				COPY_PHASE_STRIP = YES;
				GCC_C_LANGUAGE_STANDARD = gnu99;
				GCC_VERSION = com.apple.compilers.llvm.clang.1_0;
				GCC_WARN_ABOUT_MISSING_PROTOTYPES = YES;
				GCC_WARN_ABOUT_RETURN_TYPE = YES;
				GCC_WARN_UNUSED_VARIABLE = YES;
				IPHONEOS_DEPLOYMENT_TARGET = 5.0;
				OTHER_CFLAGS = "-DNS_BLOCK_ASSERTIONS=1";
				SDKROOT = iphoneos;
				VALIDATE_PRODUCT = YES;
			};
			name = Release;
		};
		C306FF8314D0E39600979EA6 /* Debug */ = {
			isa = XCBuildConfiguration;
			buildSettings = {
				GCC_PRECOMPILE_PREFIX_HEADER = YES;
				GCC_PREFIX_HEADER = "MSUdemo1/MSUdemo1-Prefix.pch";
				INFOPLIST_FILE = "MSUdemo1/MSUdemo1-Info.plist";
				PRODUCT_NAME = "$(TARGET_NAME)";
				WRAPPER_EXTENSION = app;
			};
			name = Debug;
		};
		C306FF8414D0E39600979EA6 /* Release */ = {
			isa = XCBuildConfiguration;
			buildSettings = {
				GCC_PRECOMPILE_PREFIX_HEADER = YES;
				GCC_PREFIX_HEADER = "MSUdemo1/MSUdemo1-Prefix.pch";
				INFOPLIST_FILE = "MSUdemo1/MSUdemo1-Info.plist";
				PRODUCT_NAME = "$(TARGET_NAME)";
				WRAPPER_EXTENSION = app;
			};
			name = Release;
		};
/* End XCBuildConfiguration section */

/* Begin XCConfigurationList section */
		C306FF5E14D0E39600979EA6 /* Build configuration list for PBXProject "MSUdemo1" */ = {
			isa = XCConfigurationList;
			buildConfigurations = (
				C306FF8014D0E39600979EA6 /* Debug */,
				C306FF8114D0E39600979EA6 /* Release */,
			);
			defaultConfigurationIsVisible = 0;
			defaultConfigurationName = Release;
		};
		C306FF8214D0E39600979EA6 /* Build configuration list for PBXNativeTarget "MSUdemo1" */ = {
			isa = XCConfigurationList;
			buildConfigurations = (
				C306FF8314D0E39600979EA6 /* Debug */,
				C306FF8414D0E39600979EA6 /* Release */,
			);
			defaultConfigurationIsVisible = 0;
		};
/* End XCConfigurationList section */
	};
	rootObject = C306FF5B14D0E39600979EA6 /* Project object */;
}
